// !$*UTF8*$!
{
	archiveVersion = 1;
	classes = {
	};
	objectVersion = 55;
	objects = {

/* Begin PBXBuildFile section */
		AFC4B47428576ECF00328197 /* Manager.swift in Sources */ = {isa = PBXBuildFile; fileRef = AFC4B47328576ECF00328197 /* Manager.swift */; };
		AFCFB8BA2837C47C00660080 /* AppDelegate.swift in Sources */ = {isa = PBXBuildFile; fileRef = AFCFB8B92837C47C00660080 /* AppDelegate.swift */; };
		AFCFB8BC2837C47C00660080 /* SceneDelegate.swift in Sources */ = {isa = PBXBuildFile; fileRef = AFCFB8BB2837C47C00660080 /* SceneDelegate.swift */; };
		AFCFB8BE2837C47C00660080 /* ViewController.swift in Sources */ = {isa = PBXBuildFile; fileRef = AFCFB8BD2837C47C00660080 /* ViewController.swift */; };
		AFCFB8C12837C47C00660080 /* Main.storyboard in Resources */ = {isa = PBXBuildFile; fileRef = AFCFB8BF2837C47C00660080 /* Main.storyboard */; };
		AFCFB8C62837C47D00660080 /* Assets.xcassets in Resources */ = {isa = PBXBuildFile; fileRef = AFCFB8C52837C47D00660080 /* Assets.xcassets */; };
		AFCFB8C92837C47D00660080 /* LaunchScreen.storyboard in Resources */ = {isa = PBXBuildFile; fileRef = AFCFB8C72837C47D00660080 /* LaunchScreen.storyboard */; };
		AFCFB8D12837C4F600660080 /* MenuTableViewController.swift in Sources */ = {isa = PBXBuildFile; fileRef = AFCFB8D02837C4F600660080 /* MenuTableViewController.swift */; };
		AFCFB8D32837C54A00660080 /* RecepiesTableViewController.swift in Sources */ = {isa = PBXBuildFile; fileRef = AFCFB8D22837C54A00660080 /* RecepiesTableViewController.swift */; };
		AFCFB8D52837C80E00660080 /* NewFolderTableViewController.swift in Sources */ = {isa = PBXBuildFile; fileRef = AFCFB8D42837C80E00660080 /* NewFolderTableViewController.swift */; };
		AFCFB8D72837C82300660080 /* NewRecepieTableViewController.swift in Sources */ = {isa = PBXBuildFile; fileRef = AFCFB8D62837C82300660080 /* NewRecepieTableViewController.swift */; };
		AFCFB8D92837D5FC00660080 /* MenuTableViewCell.swift in Sources */ = {isa = PBXBuildFile; fileRef = AFCFB8D82837D5FC00660080 /* MenuTableViewCell.swift */; };
		AFCFB8DF2837DB8300660080 /* RecepieTableViewCell.swift in Sources */ = {isa = PBXBuildFile; fileRef = AFCFB8DE2837DB8300660080 /* RecepieTableViewCell.swift */; };
		AFCFB8E12837DFA200660080 /* MenuModel.swift in Sources */ = {isa = PBXBuildFile; fileRef = AFCFB8E02837DFA200660080 /* MenuModel.swift */; };
		AFCFB8E32837E01300660080 /* RecepiesModel.swift in Sources */ = {isa = PBXBuildFile; fileRef = AFCFB8E22837E01300660080 /* RecepiesModel.swift */; };
		DDB0B187DBA10CC3B72C6F11 /* Pods_R___concept.framework in Frameworks */ = {isa = PBXBuildFile; fileRef = 7EE03D07DE9300E23DAADE78 /* Pods_R___concept.framework */; };
/* End PBXBuildFile section */

/* Begin PBXFileReference section */
		507049FEF6963862B9F76641 /* Pods-R - concept.debug.xcconfig */ = {isa = PBXFileReference; includeInIndex = 1; lastKnownFileType = text.xcconfig; name = "Pods-R - concept.debug.xcconfig"; path = "Target Support Files/Pods-R - concept/Pods-R - concept.debug.xcconfig"; sourceTree = "<group>"; };
		7EE03D07DE9300E23DAADE78 /* Pods_R___concept.framework */ = {isa = PBXFileReference; explicitFileType = wrapper.framework; includeInIndex = 0; path = "Pods_R___concept.framework"; sourceTree = BUILT_PRODUCTS_DIR; };
		92D22CA17E49336F67E9B2AB /* Pods-R - concept.release.xcconfig */ = {isa = PBXFileReference; includeInIndex = 1; lastKnownFileType = text.xcconfig; name = "Pods-R - concept.release.xcconfig"; path = "Target Support Files/Pods-R - concept/Pods-R - concept.release.xcconfig"; sourceTree = "<group>"; };
		AFC4B47328576ECF00328197 /* Manager.swift */ = {isa = PBXFileReference; lastKnownFileType = sourcecode.swift; path = Manager.swift; sourceTree = "<group>"; };
		AFCFB8B62837C47C00660080 /* R - concept.app */ = {isa = PBXFileReference; explicitFileType = wrapper.application; includeInIndex = 0; path = "R - concept.app"; sourceTree = BUILT_PRODUCTS_DIR; };
		AFCFB8B92837C47C00660080 /* AppDelegate.swift */ = {isa = PBXFileReference; lastKnownFileType = sourcecode.swift; path = AppDelegate.swift; sourceTree = "<group>"; };
		AFCFB8BB2837C47C00660080 /* SceneDelegate.swift */ = {isa = PBXFileReference; lastKnownFileType = sourcecode.swift; path = SceneDelegate.swift; sourceTree = "<group>"; };
		AFCFB8BD2837C47C00660080 /* ViewController.swift */ = {isa = PBXFileReference; lastKnownFileType = sourcecode.swift; path = ViewController.swift; sourceTree = "<group>"; };
		AFCFB8C02837C47C00660080 /* Base */ = {isa = PBXFileReference; lastKnownFileType = file.storyboard; name = Base; path = Base.lproj/Main.storyboard; sourceTree = "<group>"; };
		AFCFB8C52837C47D00660080 /* Assets.xcassets */ = {isa = PBXFileReference; lastKnownFileType = folder.assetcatalog; path = Assets.xcassets; sourceTree = "<group>"; };
		AFCFB8C82837C47D00660080 /* Base */ = {isa = PBXFileReference; lastKnownFileType = file.storyboard; name = Base; path = Base.lproj/LaunchScreen.storyboard; sourceTree = "<group>"; };
		AFCFB8CA2837C47E00660080 /* Info.plist */ = {isa = PBXFileReference; lastKnownFileType = text.plist.xml; path = Info.plist; sourceTree = "<group>"; };
		AFCFB8D02837C4F600660080 /* MenuTableViewController.swift */ = {isa = PBXFileReference; lastKnownFileType = sourcecode.swift; path = MenuTableViewController.swift; sourceTree = "<group>"; };
		AFCFB8D22837C54A00660080 /* RecepiesTableViewController.swift */ = {isa = PBXFileReference; lastKnownFileType = sourcecode.swift; path = RecepiesTableViewController.swift; sourceTree = "<group>"; };
		AFCFB8D42837C80E00660080 /* NewFolderTableViewController.swift */ = {isa = PBXFileReference; lastKnownFileType = sourcecode.swift; path = NewFolderTableViewController.swift; sourceTree = "<group>"; };
		AFCFB8D62837C82300660080 /* NewRecepieTableViewController.swift */ = {isa = PBXFileReference; lastKnownFileType = sourcecode.swift; path = NewRecepieTableViewController.swift; sourceTree = "<group>"; };
		AFCFB8D82837D5FC00660080 /* MenuTableViewCell.swift */ = {isa = PBXFileReference; lastKnownFileType = sourcecode.swift; path = MenuTableViewCell.swift; sourceTree = "<group>"; };
		AFCFB8DE2837DB8300660080 /* RecepieTableViewCell.swift */ = {isa = PBXFileReference; lastKnownFileType = sourcecode.swift; path = RecepieTableViewCell.swift; sourceTree = "<group>"; };
		AFCFB8E02837DFA200660080 /* MenuModel.swift */ = {isa = PBXFileReference; lastKnownFileType = sourcecode.swift; path = MenuModel.swift; sourceTree = "<group>"; };
		AFCFB8E22837E01300660080 /* RecepiesModel.swift */ = {isa = PBXFileReference; lastKnownFileType = sourcecode.swift; path = RecepiesModel.swift; sourceTree = "<group>"; };
/* End PBXFileReference section */

/* Begin PBXFrameworksBuildPhase section */
		AFCFB8B32837C47C00660080 /* Frameworks */ = {
			isa = PBXFrameworksBuildPhase;
			buildActionMask = 2147483647;
			files = (
				DDB0B187DBA10CC3B72C6F11 /* Pods_R___concept.framework in Frameworks */,
			);
			runOnlyForDeploymentPostprocessing = 0;
		};
/* End PBXFrameworksBuildPhase section */

/* Begin PBXGroup section */
		AF2050D7285F923E00A2A1F1 /* Models */ = {
			isa = PBXGroup;
			children = (
				AFCFB8E22837E01300660080 /* RecepiesModel.swift */,
			);
			path = Models;
			sourceTree = "<group>";
		};
		AF2050D8285F924A00A2A1F1 /* Controllers */ = {
			isa = PBXGroup;
			children = (
				AFCFB8DE2837DB8300660080 /* RecepieTableViewCell.swift */,
				AFCFB8D62837C82300660080 /* NewRecepieTableViewController.swift */,
				AFCFB8D22837C54A00660080 /* RecepiesTableViewController.swift */,
			);
			path = Controllers;
			sourceTree = "<group>";
		};
		AF2050D9285F927200A2A1F1 /* Models */ = {
			isa = PBXGroup;
			children = (
				AFC4B47328576ECF00328197 /* Manager.swift */,
				AFCFB8E02837DFA200660080 /* MenuModel.swift */,
			);
			path = Models;
			sourceTree = "<group>";
		};
		AF2050DA285F927F00A2A1F1 /* Controllers */ = {
			isa = PBXGroup;
			children = (
				AFCFB8D02837C4F600660080 /* MenuTableViewController.swift */,
				AFCFB8D82837D5FC00660080 /* MenuTableViewCell.swift */,
				AFCFB8D42837C80E00660080 /* NewFolderTableViewController.swift */,
				AFCFB8BD2837C47C00660080 /* ViewController.swift */,
			);
			path = Controllers;
			sourceTree = "<group>";
		};
		AF2050DB285F929600A2A1F1 /* Views */ = {
			isa = PBXGroup;
			children = (
				AFCFB8BF2837C47C00660080 /* Main.storyboard */,
				AFCFB8C72837C47D00660080 /* LaunchScreen.storyboard */,
			);
			path = Views;
			sourceTree = "<group>";
		};
		AF2050DD285F935100A2A1F1 /* Full recepie */ = {
			isa = PBXGroup;
			children = (
				AF2050DF285F937E00A2A1F1 /* Controllers */,
				AF2050DE285F937800A2A1F1 /* Model */,
			);
			path = "Full recepie";
			sourceTree = "<group>";
		};
		AF2050DE285F937800A2A1F1 /* Model */ = {
			isa = PBXGroup;
			children = (
			);
			path = Model;
			sourceTree = "<group>";
		};
		AF2050DF285F937E00A2A1F1 /* Controllers */ = {
			isa = PBXGroup;
			children = (
			);
			path = Controllers;
			sourceTree = "<group>";
		};
		AFCFB8AD2837C47C00660080 = {
			isa = PBXGroup;
			children = (
				AFCFB8B82837C47C00660080 /* R - concept */,
				AFCFB8B72837C47C00660080 /* Products */,
				ED4A9BC74DEF6604501A2A5C /* Pods */,
				C0551CBE70AE4526307B8EDA /* Frameworks */,
			);
			sourceTree = "<group>";
		};
		AFCFB8B72837C47C00660080 /* Products */ = {
			isa = PBXGroup;
			children = (
				AFCFB8B62837C47C00660080 /* R - concept.app */,
			);
			name = Products;
			sourceTree = "<group>";
		};
		AFCFB8B82837C47C00660080 /* R - concept */ = {
			isa = PBXGroup;
			children = (
				AFCFB8C52837C47D00660080 /* Assets.xcassets */,
				AFCFB8CA2837C47E00660080 /* Info.plist */,
				AFCFB8DB2837D63F00660080 /* Delegate */,
				AFCFB8DA2837D61E00660080 /* Menu */,
				AFCFB8DD2837DB5D00660080 /* Recepies */,
				AF2050DD285F935100A2A1F1 /* Full recepie */,
			);
			path = "R - concept";
			sourceTree = "<group>";
		};
		AFCFB8DA2837D61E00660080 /* Menu */ = {
			isa = PBXGroup;
			children = (
				AF2050D9285F927200A2A1F1 /* Models */,
				AF2050DB285F929600A2A1F1 /* Views */,
				AF2050DA285F927F00A2A1F1 /* Controllers */,
			);
			path = Menu;
			sourceTree = "<group>";
		};
		AFCFB8DB2837D63F00660080 /* Delegate */ = {
			isa = PBXGroup;
			children = (
				AFCFB8B92837C47C00660080 /* AppDelegate.swift */,
				AFCFB8BB2837C47C00660080 /* SceneDelegate.swift */,
			);
			path = Delegate;
			sourceTree = "<group>";
		};
		AFCFB8DD2837DB5D00660080 /* Recepies */ = {
			isa = PBXGroup;
			children = (
				AF2050D7285F923E00A2A1F1 /* Models */,
				AF2050D8285F924A00A2A1F1 /* Controllers */,
			);
			path = Recepies;
			sourceTree = "<group>";
		};
		C0551CBE70AE4526307B8EDA /* Frameworks */ = {
			isa = PBXGroup;
			children = (
				7EE03D07DE9300E23DAADE78 /* Pods_R___concept.framework */,
			);
			name = Frameworks;
			sourceTree = "<group>";
		};
		ED4A9BC74DEF6604501A2A5C /* Pods */ = {
			isa = PBXGroup;
			children = (
				507049FEF6963862B9F76641 /* Pods-R - concept.debug.xcconfig */,
				92D22CA17E49336F67E9B2AB /* Pods-R - concept.release.xcconfig */,
			);
			path = Pods;
			sourceTree = "<group>";
		};
/* End PBXGroup section */

/* Begin PBXNativeTarget section */
		AFCFB8B52837C47C00660080 /* R - concept */ = {
			isa = PBXNativeTarget;
			buildConfigurationList = AFCFB8CD2837C47E00660080 /* Build configuration list for PBXNativeTarget "R - concept" */;
			buildPhases = (
				5ED7FA746A0CED2914754856 /* [CP] Check Pods Manifest.lock */,
				AFCFB8B22837C47C00660080 /* Sources */,
				AFCFB8B32837C47C00660080 /* Frameworks */,
				AFCFB8B42837C47C00660080 /* Resources */,
				D42810B4144B09BF64F8E39A /* [CP] Embed Pods Frameworks */,
			);
			buildRules = (
			);
			dependencies = (
			);
			name = "R - concept";
			productName = "R - concept";
			productReference = AFCFB8B62837C47C00660080 /* R - concept.app */;
			productType = "com.apple.product-type.application";
		};
/* End PBXNativeTarget section */

/* Begin PBXProject section */
		AFCFB8AE2837C47C00660080 /* Project object */ = {
			isa = PBXProject;
			attributes = {
				BuildIndependentTargetsInParallel = 1;
				LastSwiftUpdateCheck = 1340;
				LastUpgradeCheck = 1340;
				TargetAttributes = {
					AFCFB8B52837C47C00660080 = {
						CreatedOnToolsVersion = 13.4;
					};
				};
			};
			buildConfigurationList = AFCFB8B12837C47C00660080 /* Build configuration list for PBXProject "R - concept" */;
			compatibilityVersion = "Xcode 13.0";
			developmentRegion = en;
			hasScannedForEncodings = 0;
			knownRegions = (
				en,
				Base,
			);
			mainGroup = AFCFB8AD2837C47C00660080;
			productRefGroup = AFCFB8B72837C47C00660080 /* Products */;
			projectDirPath = "";
			projectRoot = "";
			targets = (
				AFCFB8B52837C47C00660080 /* R - concept */,
			);
		};
/* End PBXProject section */

/* Begin PBXResourcesBuildPhase section */
		AFCFB8B42837C47C00660080 /* Resources */ = {
			isa = PBXResourcesBuildPhase;
			buildActionMask = 2147483647;
			files = (
				AFCFB8C92837C47D00660080 /* LaunchScreen.storyboard in Resources */,
				AFCFB8C62837C47D00660080 /* Assets.xcassets in Resources */,
				AFCFB8C12837C47C00660080 /* Main.storyboard in Resources */,
			);
			runOnlyForDeploymentPostprocessing = 0;
		};
/* End PBXResourcesBuildPhase section */

/* Begin PBXShellScriptBuildPhase section */
		5ED7FA746A0CED2914754856 /* [CP] Check Pods Manifest.lock */ = {
			isa = PBXShellScriptBuildPhase;
			buildActionMask = 2147483647;
			files = (
			);
			inputFileListPaths = (
			);
			inputPaths = (
				"${PODS_PODFILE_DIR_PATH}/Podfile.lock",
				"${PODS_ROOT}/Manifest.lock",
			);
			name = "[CP] Check Pods Manifest.lock";
			outputFileListPaths = (
			);
			outputPaths = (
				"$(DERIVED_FILE_DIR)/Pods-R - concept-checkManifestLockResult.txt",
			);
			runOnlyForDeploymentPostprocessing = 0;
			shellPath = /bin/sh;
			shellScript = "diff \"${PODS_PODFILE_DIR_PATH}/Podfile.lock\" \"${PODS_ROOT}/Manifest.lock\" > /dev/null\nif [ $? != 0 ] ; then\n    # print error to STDERR\n    echo \"error: The sandbox is not in sync with the Podfile.lock. Run 'pod install' or update your CocoaPods installation.\" >&2\n    exit 1\nfi\n# This output is used by Xcode 'outputs' to avoid re-running this script phase.\necho \"SUCCESS\" > \"${SCRIPT_OUTPUT_FILE_0}\"\n";
			showEnvVarsInLog = 0;
		};
		D42810B4144B09BF64F8E39A /* [CP] Embed Pods Frameworks */ = {
			isa = PBXShellScriptBuildPhase;
			buildActionMask = 2147483647;
			files = (
			);
			inputFileListPaths = (
				"${PODS_ROOT}/Target Support Files/Pods-R - concept/Pods-R - concept-frameworks-${CONFIGURATION}-input-files.xcfilelist",
			);
			name = "[CP] Embed Pods Frameworks";
			outputFileListPaths = (
				"${PODS_ROOT}/Target Support Files/Pods-R - concept/Pods-R - concept-frameworks-${CONFIGURATION}-output-files.xcfilelist",
			);
			runOnlyForDeploymentPostprocessing = 0;
			shellPath = /bin/sh;
			shellScript = "\"${PODS_ROOT}/Target Support Files/Pods-R - concept/Pods-R - concept-frameworks.sh\"\n";
			showEnvVarsInLog = 0;
		};
/* End PBXShellScriptBuildPhase section */

/* Begin PBXSourcesBuildPhase section */
		AFCFB8B22837C47C00660080 /* Sources */ = {
			isa = PBXSourcesBuildPhase;
			buildActionMask = 2147483647;
			files = (
				AFCFB8BE2837C47C00660080 /* ViewController.swift in Sources */,
				AFCFB8BA2837C47C00660080 /* AppDelegate.swift in Sources */,
				AFCFB8D52837C80E00660080 /* NewFolderTableViewController.swift in Sources */,
				AFCFB8E32837E01300660080 /* RecepiesModel.swift in Sources */,
				AFCFB8DF2837DB8300660080 /* RecepieTableViewCell.swift in Sources */,
				AFCFB8D12837C4F600660080 /* MenuTableViewController.swift in Sources */,
				AFCFB8D72837C82300660080 /* NewRecepieTableViewController.swift in Sources */,
				AFC4B47428576ECF00328197 /* Manager.swift in Sources */,
				AFCFB8D92837D5FC00660080 /* MenuTableViewCell.swift in Sources */,
				AFCFB8E12837DFA200660080 /* MenuModel.swift in Sources */,
				AFCFB8BC2837C47C00660080 /* SceneDelegate.swift in Sources */,
				AFCFB8D32837C54A00660080 /* RecepiesTableViewController.swift in Sources */,
			);
			runOnlyForDeploymentPostprocessing = 0;
		};
/* End PBXSourcesBuildPhase section */

/* Begin PBXVariantGroup section */
		AFCFB8BF2837C47C00660080 /* Main.storyboard */ = {
			isa = PBXVariantGroup;
			children = (
				AFCFB8C02837C47C00660080 /* Base */,
			);
			name = Main.storyboard;
			sourceTree = "<group>";
		};
		AFCFB8C72837C47D00660080 /* LaunchScreen.storyboard */ = {
			isa = PBXVariantGroup;
			children = (
				AFCFB8C82837C47D00660080 /* Base */,
			);
			name = LaunchScreen.storyboard;
			sourceTree = "<group>";
		};
/* End PBXVariantGroup section */

/* Begin XCBuildConfiguration section */
		AFCFB8CB2837C47E00660080 /* Debug */ = {
			isa = XCBuildConfiguration;
			buildSettings = {
				ALWAYS_SEARCH_USER_PATHS = NO;
				CLANG_ANALYZER_NONNULL = YES;
				CLANG_ANALYZER_NUMBER_OBJECT_CONVERSION = YES_AGGRESSIVE;
				CLANG_CXX_LANGUAGE_STANDARD = "gnu++17";
				CLANG_ENABLE_MODULES = YES;
				CLANG_ENABLE_OBJC_ARC = YES;
				CLANG_ENABLE_OBJC_WEAK = YES;
				CLANG_WARN_BLOCK_CAPTURE_AUTORELEASING = YES;
				CLANG_WARN_BOOL_CONVERSION = YES;
				CLANG_WARN_COMMA = YES;
				CLANG_WARN_CONSTANT_CONVERSION = YES;
				CLANG_WARN_DEPRECATED_OBJC_IMPLEMENTATIONS = YES;
				CLANG_WARN_DIRECT_OBJC_ISA_USAGE = YES_ERROR;
				CLANG_WARN_DOCUMENTATION_COMMENTS = YES;
				CLANG_WARN_EMPTY_BODY = YES;
				CLANG_WARN_ENUM_CONVERSION = YES;
				CLANG_WARN_INFINITE_RECURSION = YES;
				CLANG_WARN_INT_CONVERSION = YES;
				CLANG_WARN_NON_LITERAL_NULL_CONVERSION = YES;
				CLANG_WARN_OBJC_IMPLICIT_RETAIN_SELF = YES;
				CLANG_WARN_OBJC_LITERAL_CONVERSION = YES;
				CLANG_WARN_OBJC_ROOT_CLASS = YES_ERROR;
				CLANG_WARN_QUOTED_INCLUDE_IN_FRAMEWORK_HEADER = YES;
				CLANG_WARN_RANGE_LOOP_ANALYSIS = YES;
				CLANG_WARN_STRICT_PROTOTYPES = YES;
				CLANG_WARN_SUSPICIOUS_MOVE = YES;
				CLANG_WARN_UNGUARDED_AVAILABILITY = YES_AGGRESSIVE;
				CLANG_WARN_UNREACHABLE_CODE = YES;
				CLANG_WARN__DUPLICATE_METHOD_MATCH = YES;
				COPY_PHASE_STRIP = NO;
				DEBUG_INFORMATION_FORMAT = dwarf;
				ENABLE_STRICT_OBJC_MSGSEND = YES;
				ENABLE_TESTABILITY = YES;
				GCC_C_LANGUAGE_STANDARD = gnu11;
				GCC_DYNAMIC_NO_PIC = NO;
				GCC_NO_COMMON_BLOCKS = YES;
				GCC_OPTIMIZATION_LEVEL = 0;
				GCC_PREPROCESSOR_DEFINITIONS = (
					"DEBUG=1",
					"$(inherited)",
				);
				GCC_WARN_64_TO_32_BIT_CONVERSION = YES;
				GCC_WARN_ABOUT_RETURN_TYPE = YES_ERROR;
				GCC_WARN_UNDECLARED_SELECTOR = YES;
				GCC_WARN_UNINITIALIZED_AUTOS = YES_AGGRESSIVE;
				GCC_WARN_UNUSED_FUNCTION = YES;
				GCC_WARN_UNUSED_VARIABLE = YES;
				IPHONEOS_DEPLOYMENT_TARGET = 15.5;
				MTL_ENABLE_DEBUG_INFO = INCLUDE_SOURCE;
				MTL_FAST_MATH = YES;
				ONLY_ACTIVE_ARCH = YES;
				SDKROOT = iphoneos;
				SWIFT_ACTIVE_COMPILATION_CONDITIONS = DEBUG;
				SWIFT_OPTIMIZATION_LEVEL = "-Onone";
			};
			name = Debug;
		};
		AFCFB8CC2837C47E00660080 /* Release */ = {
			isa = XCBuildConfiguration;
			buildSettings = {
				ALWAYS_SEARCH_USER_PATHS = NO;
				CLANG_ANALYZER_NONNULL = YES;
				CLANG_ANALYZER_NUMBER_OBJECT_CONVERSION = YES_AGGRESSIVE;
				CLANG_CXX_LANGUAGE_STANDARD = "gnu++17";
				CLANG_ENABLE_MODULES = YES;
				CLANG_ENABLE_OBJC_ARC = YES;
				CLANG_ENABLE_OBJC_WEAK = YES;
				CLANG_WARN_BLOCK_CAPTURE_AUTORELEASING = YES;
				CLANG_WARN_BOOL_CONVERSION = YES;
				CLANG_WARN_COMMA = YES;
				CLANG_WARN_CONSTANT_CONVERSION = YES;
				CLANG_WARN_DEPRECATED_OBJC_IMPLEMENTATIONS = YES;
				CLANG_WARN_DIRECT_OBJC_ISA_USAGE = YES_ERROR;
				CLANG_WARN_DOCUMENTATION_COMMENTS = YES;
				CLANG_WARN_EMPTY_BODY = YES;
				CLANG_WARN_ENUM_CONVERSION = YES;
				CLANG_WARN_INFINITE_RECURSION = YES;
				CLANG_WARN_INT_CONVERSION = YES;
				CLANG_WARN_NON_LITERAL_NULL_CONVERSION = YES;
				CLANG_WARN_OBJC_IMPLICIT_RETAIN_SELF = YES;
				CLANG_WARN_OBJC_LITERAL_CONVERSION = YES;
				CLANG_WARN_OBJC_ROOT_CLASS = YES_ERROR;
				CLANG_WARN_QUOTED_INCLUDE_IN_FRAMEWORK_HEADER = YES;
				CLANG_WARN_RANGE_LOOP_ANALYSIS = YES;
				CLANG_WARN_STRICT_PROTOTYPES = YES;
				CLANG_WARN_SUSPICIOUS_MOVE = YES;
				CLANG_WARN_UNGUARDED_AVAILABILITY = YES_AGGRESSIVE;
				CLANG_WARN_UNREACHABLE_CODE = YES;
				CLANG_WARN__DUPLICATE_METHOD_MATCH = YES;
				COPY_PHASE_STRIP = NO;
				DEBUG_INFORMATION_FORMAT = "dwarf-with-dsym";
				ENABLE_NS_ASSERTIONS = NO;
				ENABLE_STRICT_OBJC_MSGSEND = YES;
				GCC_C_LANGUAGE_STANDARD = gnu11;
				GCC_NO_COMMON_BLOCKS = YES;
				GCC_WARN_64_TO_32_BIT_CONVERSION = YES;
				GCC_WARN_ABOUT_RETURN_TYPE = YES_ERROR;
				GCC_WARN_UNDECLARED_SELECTOR = YES;
				GCC_WARN_UNINITIALIZED_AUTOS = YES_AGGRESSIVE;
				GCC_WARN_UNUSED_FUNCTION = YES;
				GCC_WARN_UNUSED_VARIABLE = YES;
				IPHONEOS_DEPLOYMENT_TARGET = 15.5;
				MTL_ENABLE_DEBUG_INFO = NO;
				MTL_FAST_MATH = YES;
				SDKROOT = iphoneos;
				SWIFT_COMPILATION_MODE = wholemodule;
				SWIFT_OPTIMIZATION_LEVEL = "-O";
				VALIDATE_PRODUCT = YES;
			};
			name = Release;
		};
		AFCFB8CE2837C47E00660080 /* Debug */ = {
			isa = XCBuildConfiguration;
			baseConfigurationReference = 507049FEF6963862B9F76641 /* Pods-R - concept.debug.xcconfig */;
			buildSettings = {
				ASSETCATALOG_COMPILER_APPICON_NAME = AppIcon;
				ASSETCATALOG_COMPILER_GLOBAL_ACCENT_COLOR_NAME = AccentColor;
				CODE_SIGN_STYLE = Automatic;
				CURRENT_PROJECT_VERSION = 1;
				DEVELOPMENT_TEAM = 36FB83P3NL;
				GENERATE_INFOPLIST_FILE = YES;
				INFOPLIST_FILE = "R - concept/Info.plist";
				INFOPLIST_KEY_UIApplicationSupportsIndirectInputEvents = YES;
				INFOPLIST_KEY_UILaunchStoryboardName = LaunchScreen;
				INFOPLIST_KEY_UIMainStoryboardFile = Main;
				INFOPLIST_KEY_UISupportedInterfaceOrientations = UIInterfaceOrientationPortrait;
				INFOPLIST_KEY_UISupportedInterfaceOrientations_iPad = "UIInterfaceOrientationPortrait UIInterfaceOrientationPortraitUpsideDown UIInterfaceOrientationLandscapeLeft UIInterfaceOrientationLandscapeRight";
				INFOPLIST_KEY_UISupportedInterfaceOrientations_iPhone = "UIInterfaceOrientationPortrait UIInterfaceOrientationLandscapeLeft UIInterfaceOrientationLandscapeRight";
				IPHONEOS_DEPLOYMENT_TARGET = 15.0;
				LD_RUNPATH_SEARCH_PATHS = (
					"$(inherited)",
					"@executable_path/Frameworks",
				);
				MARKETING_VERSION = 1.0;
				PRODUCT_BUNDLE_IDENTIFIER = "pet-project.R---concept";
				PRODUCT_NAME = "$(TARGET_NAME)";
				SWIFT_EMIT_LOC_STRINGS = YES;
				SWIFT_VERSION = 5.0;
				TARGETED_DEVICE_FAMILY = 1;
			};
			name = Debug;
		};
		AFCFB8CF2837C47E00660080 /* Release */ = {
			isa = XCBuildConfiguration;
			baseConfigurationReference = 92D22CA17E49336F67E9B2AB /* Pods-R - concept.release.xcconfig */;
			buildSettings = {
				ASSETCATALOG_COMPILER_APPICON_NAME = AppIcon;
				ASSETCATALOG_COMPILER_GLOBAL_ACCENT_COLOR_NAME = AccentColor;
				CODE_SIGN_STYLE = Automatic;
				CURRENT_PROJECT_VERSION = 1;
				DEVELOPMENT_TEAM = 36FB83P3NL;
				GENERATE_INFOPLIST_FILE = YES;
				INFOPLIST_FILE = "R - concept/Info.plist";
				INFOPLIST_KEY_UIApplicationSupportsIndirectInputEvents = YES;
				INFOPLIST_KEY_UILaunchStoryboardName = LaunchScreen;
				INFOPLIST_KEY_UIMainStoryboardFile = Main;
				INFOPLIST_KEY_UISupportedInterfaceOrientations = UIInterfaceOrientationPortrait;
				INFOPLIST_KEY_UISupportedInterfaceOrientations_iPad = "UIInterfaceOrientationPortrait UIInterfaceOrientationPortraitUpsideDown UIInterfaceOrientationLandscapeLeft UIInterfaceOrientationLandscapeRight";
				INFOPLIST_KEY_UISupportedInterfaceOrientations_iPhone = "UIInterfaceOrientationPortrait UIInterfaceOrientationLandscapeLeft UIInterfaceOrientationLandscapeRight";
				IPHONEOS_DEPLOYMENT_TARGET = 15.0;
				LD_RUNPATH_SEARCH_PATHS = (
					"$(inherited)",
					"@executable_path/Frameworks",
				);
				MARKETING_VERSION = 1.0;
				PRODUCT_BUNDLE_IDENTIFIER = "pet-project.R---concept";
				PRODUCT_NAME = "$(TARGET_NAME)";
				SWIFT_EMIT_LOC_STRINGS = YES;
				SWIFT_VERSION = 5.0;
				TARGETED_DEVICE_FAMILY = 1;
			};
			name = Release;
		};
/* End XCBuildConfiguration section */

/* Begin XCConfigurationList section */
		AFCFB8B12837C47C00660080 /* Build configuration list for PBXProject "R - concept" */ = {
			isa = XCConfigurationList;
			buildConfigurations = (
				AFCFB8CB2837C47E00660080 /* Debug */,
				AFCFB8CC2837C47E00660080 /* Release */,
			);
			defaultConfigurationIsVisible = 0;
			defaultConfigurationName = Release;
		};
		AFCFB8CD2837C47E00660080 /* Build configuration list for PBXNativeTarget "R - concept" */ = {
			isa = XCConfigurationList;
			buildConfigurations = (
				AFCFB8CE2837C47E00660080 /* Debug */,
				AFCFB8CF2837C47E00660080 /* Release */,
			);
			defaultConfigurationIsVisible = 0;
			defaultConfigurationName = Release;
		};
/* End XCConfigurationList section */
	};
	rootObject = AFCFB8AE2837C47C00660080 /* Project object */;
}
